
Microsoft Visual Studio Solution File, Format Version 12.00
# Visual Studio Version 16
VisualStudioVersion = 16.0.31004.235
MinimumVisualStudioVersion = 10.0.40219.1
Project("{FAE04EC0-301F-11D3-BF4B-00C04F79EFBC}") = "LaserEyes", "LaserEyes.csproj", "{343C3361-5A4F-43DE-8E41-3CDB3CFD3FA6}"
EndProject
Global
	GlobalSection(SolutionConfigurationPlatforms) = preSolution
		Debug|Any CPU = Debug|Any CPU
		Release|Any CPU = Release|Any CPU
	EndGlobalSection
	GlobalSection(ProjectConfigurationPlatforms) = postSolution
		{343C3361-5A4F-43DE-8E41-3CDB3CFD3FA6}.Debug|Any CPU.ActiveCfg = Debug|Any CPU
		{343C3361-5A4F-43DE-8E41-3CDB3CFD3FA6}.Debug|Any CPU.Build.0 = Debug|Any CPU
		{343C3361-5A4F-43DE-8E41-3CDB3CFD3FA6}.Release|Any CPU.ActiveCfg = Release|Any CPU
		{343C3361-5A4F-43DE-8E41-3CDB3CFD3FA6}.Release|Any CPU.Build.0 = Release|Any CPU
	EndGlobalSection
	GlobalSection(SolutionProperties) = preSolution
		HideSolutionNode = FALSE
	EndGlobalSection
	GlobalSection(ExtensibilityGlobals) = postSolution
		SolutionGuid = {593B2806-DD18-4390-B922-79852EDCF8CD}
	EndGlobalSection
EndGlobal
